// !$*UTF8*$!
{
	archiveVersion = 1;
	classes = {
	};
	objectVersion = 50;
	objects = {

/* Begin PBXBuildFile section */
		9DDE589C230DA072001DC06D /* AppDelegate.swift in Sources */ = {isa = PBXBuildFile; fileRef = 9DDE589B230DA072001DC06D /* AppDelegate.swift */; };
		9DDE589E230DA072001DC06D /* ViewController.swift in Sources */ = {isa = PBXBuildFile; fileRef = 9DDE589D230DA072001DC06D /* ViewController.swift */; };
		9DDE58A1230DA072001DC06D /* Main.storyboard in Resources */ = {isa = PBXBuildFile; fileRef = 9DDE589F230DA072001DC06D /* Main.storyboard */; };
		9DDE58A4230DA072001DC06D /* best_buy_lighting.xcdatamodeld in Sources */ = {isa = PBXBuildFile; fileRef = 9DDE58A2230DA072001DC06D /* best_buy_lighting.xcdatamodeld */; };
		9DDE58A6230DA073001DC06D /* Assets.xcassets in Resources */ = {isa = PBXBuildFile; fileRef = 9DDE58A5230DA073001DC06D /* Assets.xcassets */; };
		9DDE58A9230DA073001DC06D /* LaunchScreen.storyboard in Resources */ = {isa = PBXBuildFile; fileRef = 9DDE58A7230DA073001DC06D /* LaunchScreen.storyboard */; };
/* End PBXBuildFile section */

/* Begin PBXFileReference section */
		9DDE5898230DA072001DC06D /* best_buy_lighting.app */ = {isa = PBXFileReference; explicitFileType = wrapper.application; includeInIndex = 0; path = best_buy_lighting.app; sourceTree = BUILT_PRODUCTS_DIR; };
		9DDE589B230DA072001DC06D /* AppDelegate.swift */ = {isa = PBXFileReference; lastKnownFileType = sourcecode.swift; path = AppDelegate.swift; sourceTree = "<group>"; };
		9DDE589D230DA072001DC06D /* ViewController.swift */ = {isa = PBXFileReference; lastKnownFileType = sourcecode.swift; path = ViewController.swift; sourceTree = "<group>"; };
		9DDE58A0230DA072001DC06D /* Base */ = {isa = PBXFileReference; lastKnownFileType = file.storyboard; name = Base; path = Base.lproj/Main.storyboard; sourceTree = "<group>"; };
		9DDE58A3230DA072001DC06D /* best_buy_lighting.xcdatamodel */ = {isa = PBXFileReference; lastKnownFileType = wrapper.xcdatamodel; path = best_buy_lighting.xcdatamodel; sourceTree = "<group>"; };
		9DDE58A5230DA073001DC06D /* Assets.xcassets */ = {isa = PBXFileReference; lastKnownFileType = folder.assetcatalog; path = Assets.xcassets; sourceTree = "<group>"; };
		9DDE58A8230DA073001DC06D /* Base */ = {isa = PBXFileReference; lastKnownFileType = file.storyboard; name = Base; path = Base.lproj/LaunchScreen.storyboard; sourceTree = "<group>"; };
		9DDE58AA230DA073001DC06D /* Info.plist */ = {isa = PBXFileReference; lastKnownFileType = text.plist.xml; path = Info.plist; sourceTree = "<group>"; };
/* End PBXFileReference section */

/* Begin PBXFrameworksBuildPhase section */
		9DDE5895230DA072001DC06D /* Frameworks */ = {
			isa = PBXFrameworksBuildPhase;
			buildActionMask = 2147483647;
			files = (
			);
			runOnlyForDeploymentPostprocessing = 0;
		};
/* End PBXFrameworksBuildPhase section */

/* Begin PBXGroup section */
		9DDE588F230DA072001DC06D = {
			isa = PBXGroup;
			children = (
				9DDE589A230DA072001DC06D /* best_buy_lighting */,
				9DDE5899230DA072001DC06D /* Products */,
			);
			sourceTree = "<group>";
		};
		9DDE5899230DA072001DC06D /* Products */ = {
			isa = PBXGroup;
			children = (
				9DDE5898230DA072001DC06D /* best_buy_lighting.app */,
			);
			name = Products;
			sourceTree = "<group>";
		};
		9DDE589A230DA072001DC06D /* best_buy_lighting */ = {
			isa = PBXGroup;
			children = (
				9DDE589B230DA072001DC06D /* AppDelegate.swift */,
				9DDE589D230DA072001DC06D /* ViewController.swift */,
				9DDE589F230DA072001DC06D /* Main.storyboard */,
				9DDE58A5230DA073001DC06D /* Assets.xcassets */,
				9DDE58A7230DA073001DC06D /* LaunchScreen.storyboard */,
				9DDE58AA230DA073001DC06D /* Info.plist */,
				9DDE58A2230DA072001DC06D /* best_buy_lighting.xcdatamodeld */,
			);
			path = best_buy_lighting;
			sourceTree = "<group>";
		};
/* End PBXGroup section */

/* Begin PBXNativeTarget section */
		9DDE5897230DA072001DC06D /* best_buy_lighting */ = {
			isa = PBXNativeTarget;
			buildConfigurationList = 9DDE58AD230DA073001DC06D /* Build configuration list for PBXNativeTarget "best_buy_lighting" */;
			buildPhases = (
				9DDE5894230DA072001DC06D /* Sources */,
				9DDE5895230DA072001DC06D /* Frameworks */,
				9DDE5896230DA072001DC06D /* Resources */,
			);
			buildRules = (
			);
			dependencies = (
			);
			name = best_buy_lighting;
			productName = best_buy_lighting;
			productReference = 9DDE5898230DA072001DC06D /* best_buy_lighting.app */;
			productType = "com.apple.product-type.application";
		};
/* End PBXNativeTarget section */

/* Begin PBXProject section */
		9DDE5890230DA072001DC06D /* Project object */ = {
			isa = PBXProject;
			attributes = {
				LastSwiftUpdateCheck = 1020;
				LastUpgradeCheck = 1020;
				ORGANIZATIONNAME = "Peter Irving";
				TargetAttributes = {
					9DDE5897230DA072001DC06D = {
						CreatedOnToolsVersion = 10.2.1;
					};
				};
			};
			buildConfigurationList = 9DDE5893230DA072001DC06D /* Build configuration list for PBXProject "best_buy_lighting" */;
			compatibilityVersion = "Xcode 9.3";
			developmentRegion = en;
			hasScannedForEncodings = 0;
			knownRegions = (
				en,
				Base,
			);
			mainGroup = 9DDE588F230DA072001DC06D;
			productRefGroup = 9DDE5899230DA072001DC06D /* Products */;
			projectDirPath = "";
			projectRoot = "";
			targets = (
				9DDE5897230DA072001DC06D /* best_buy_lighting */,
			);
		};
/* End PBXProject section */

/* Begin PBXResourcesBuildPhase section */
		9DDE5896230DA072001DC06D /* Resources */ = {
			isa = PBXResourcesBuildPhase;
			buildActionMask = 2147483647;
			files = (
				9DDE58A9230DA073001DC06D /* LaunchScreen.storyboard in Resources */,
				9DDE58A6230DA073001DC06D /* Assets.xcassets in Resources */,
				9DDE58A1230DA072001DC06D /* Main.storyboard in Resources */,
			);
			runOnlyForDeploymentPostprocessing = 0;
		};
/* End PBXResourcesBuildPhase section */

/* Begin PBXSourcesBuildPhase section */
		9DDE5894230DA072001DC06D /* Sources */ = {
			isa = PBXSourcesBuildPhase;
			buildActionMask = 2147483647;
			files = (
				9DDE58A4230DA072001DC06D /* best_buy_lighting.xcdatamodeld in Sources */,
				9DDE589E230DA072001DC06D /* ViewController.swift in Sources */,
				9DDE589C230DA072001DC06D /* AppDelegate.swift in Sources */,
			);
			runOnlyForDeploymentPostprocessing = 0;
		};
/* End PBXSourcesBuildPhase section */

/* Begin PBXVariantGroup section */
		9DDE589F230DA072001DC06D /* Main.storyboard */ = {
			isa = PBXVariantGroup;
			children = (
				9DDE58A0230DA072001DC06D /* Base */,
			);
			name = Main.storyboard;
			sourceTree = "<group>";
		};
		9DDE58A7230DA073001DC06D /* LaunchScreen.storyboard */ = {
			isa = PBXVariantGroup;
			children = (
				9DDE58A8230DA073001DC06D /* Base */,
			);
			name = LaunchScreen.storyboard;
			sourceTree = "<group>";
		};
/* End PBXVariantGroup section */

/* Begin XCBuildConfiguration section */
		9DDE58AB230DA073001DC06D /* Debug */ = {
			isa = XCBuildConfiguration;
			buildSettings = {
				ALWAYS_SEARCH_USER_PATHS = NO;
				CLANG_ANALYZER_NONNULL = YES;
				CLANG_ANALYZER_NUMBER_OBJECT_CONVERSION = YES_AGGRESSIVE;
				CLANG_CXX_LANGUAGE_STANDARD = "gnu++14";
				CLANG_CXX_LIBRARY = "libc++";
				CLANG_ENABLE_MODULES = YES;
				CLANG_ENABLE_OBJC_ARC = YES;
				CLANG_ENABLE_OBJC_WEAK = YES;
				CLANG_WARN_BLOCK_CAPTURE_AUTORELEASING = YES;
				CLANG_WARN_BOOL_CONVERSION = YES;
				CLANG_WARN_COMMA = YES;
				CLANG_WARN_CONSTANT_CONVERSION = YES;
				CLANG_WARN_DEPRECATED_OBJC_IMPLEMENTATIONS = YES;
				CLANG_WARN_DIRECT_OBJC_ISA_USAGE = YES_ERROR;
				CLANG_WARN_DOCUMENTATION_COMMENTS = YES;
				CLANG_WARN_EMPTY_BODY = YES;
				CLANG_WARN_ENUM_CONVERSION = YES;
				CLANG_WARN_INFINITE_RECURSION = YES;
				CLANG_WARN_INT_CONVERSION = YES;
				CLANG_WARN_NON_LITERAL_NULL_CONVERSION = YES;
				CLANG_WARN_OBJC_IMPLICIT_RETAIN_SELF = YES;
				CLANG_WARN_OBJC_LITERAL_CONVERSION = YES;
				CLANG_WARN_OBJC_ROOT_CLASS = YES_ERROR;
				CLANG_WARN_RANGE_LOOP_ANALYSIS = YES;
				CLANG_WARN_STRICT_PROTOTYPES = YES;
				CLANG_WARN_SUSPICIOUS_MOVE = YES;
				CLANG_WARN_UNGUARDED_AVAILABILITY = YES_AGGRESSIVE;
				CLANG_WARN_UNREACHABLE_CODE = YES;
				CLANG_WARN__DUPLICATE_METHOD_MATCH = YES;
				CODE_SIGN_IDENTITY = "iPhone Developer";
				COPY_PHASE_STRIP = NO;
				DEBUG_INFORMATION_FORMAT = dwarf;
				ENABLE_STRICT_OBJC_MSGSEND = YES;
				ENABLE_TESTABILITY = YES;
				GCC_C_LANGUAGE_STANDARD = gnu11;
				GCC_DYNAMIC_NO_PIC = NO;
				GCC_NO_COMMON_BLOCKS = YES;
				GCC_OPTIMIZATION_LEVEL = 0;
				GCC_PREPROCESSOR_DEFINITIONS = (
					"DEBUG=1",
					"$(inherited)",
				);
				GCC_WARN_64_TO_32_BIT_CONVERSION = YES;
				GCC_WARN_ABOUT_RETURN_TYPE = YES_ERROR;
				GCC_WARN_UNDECLARED_SELECTOR = YES;
				GCC_WARN_UNINITIALIZED_AUTOS = YES_AGGRESSIVE;
				GCC_WARN_UNUSED_FUNCTION = YES;
				GCC_WARN_UNUSED_VARIABLE = YES;
				IPHONEOS_DEPLOYMENT_TARGET = 12.2;
				MTL_ENABLE_DEBUG_INFO = INCLUDE_SOURCE;
				MTL_FAST_MATH = YES;
				ONLY_ACTIVE_ARCH = YES;
				SDKROOT = iphoneos;
				SWIFT_ACTIVE_COMPILATION_CONDITIONS = DEBUG;
				SWIFT_OPTIMIZATION_LEVEL = "-Onone";
			};
			name = Debug;
		};
		9DDE58AC230DA073001DC06D /* Release */ = {
			isa = XCBuildConfiguration;
			buildSettings = {
				ALWAYS_SEARCH_USER_PATHS = NO;
				CLANG_ANALYZER_NONNULL = YES;
				CLANG_ANALYZER_NUMBER_OBJECT_CONVERSION = YES_AGGRESSIVE;
				CLANG_CXX_LANGUAGE_STANDARD = "gnu++14";
				CLANG_CXX_LIBRARY = "libc++";
				CLANG_ENABLE_MODULES = YES;
				CLANG_ENABLE_OBJC_ARC = YES;
				CLANG_ENABLE_OBJC_WEAK = YES;
				CLANG_WARN_BLOCK_CAPTURE_AUTORELEASING = YES;
				CLANG_WARN_BOOL_CONVERSION = YES;
				CLANG_WARN_COMMA = YES;
				CLANG_WARN_CONSTANT_CONVERSION = YES;
				CLANG_WARN_DEPRECATED_OBJC_IMPLEMENTATIONS = YES;
				CLANG_WARN_DIRECT_OBJC_ISA_USAGE = YES_ERROR;
				CLANG_WARN_DOCUMENTATION_COMMENTS = YES;
				CLANG_WARN_EMPTY_BODY = YES;
				CLANG_WARN_ENUM_CONVERSION = YES;
				CLANG_WARN_INFINITE_RECURSION = YES;
				CLANG_WARN_INT_CONVERSION = YES;
				CLANG_WARN_NON_LITERAL_NULL_CONVERSION = YES;
				CLANG_WARN_OBJC_IMPLICIT_RETAIN_SELF = YES;
				CLANG_WARN_OBJC_LITERAL_CONVERSION = YES;
				CLANG_WARN_OBJC_ROOT_CLASS = YES_ERROR;
				CLANG_WARN_RANGE_LOOP_ANALYSIS = YES;
				CLANG_WARN_STRICT_PROTOTYPES = YES;
				CLANG_WARN_SUSPICIOUS_MOVE = YES;
				CLANG_WARN_UNGUARDED_AVAILABILITY = YES_AGGRESSIVE;
				CLANG_WARN_UNREACHABLE_CODE = YES;
				CLANG_WARN__DUPLICATE_METHOD_MATCH = YES;
				CODE_SIGN_IDENTITY = "iPhone Developer";
				COPY_PHASE_STRIP = NO;
				DEBUG_INFORMATION_FORMAT = "dwarf-with-dsym";
				ENABLE_NS_ASSERTIONS = NO;
				ENABLE_STRICT_OBJC_MSGSEND = YES;
				GCC_C_LANGUAGE_STANDARD = gnu11;
				GCC_NO_COMMON_BLOCKS = YES;
				GCC_WARN_64_TO_32_BIT_CONVERSION = YES;
				GCC_WARN_ABOUT_RETURN_TYPE = YES_ERROR;
				GCC_WARN_UNDECLARED_SELECTOR = YES;
				GCC_WARN_UNINITIALIZED_AUTOS = YES_AGGRESSIVE;
				GCC_WARN_UNUSED_FUNCTION = YES;
				GCC_WARN_UNUSED_VARIABLE = YES;
				IPHONEOS_DEPLOYMENT_TARGET = 12.2;
				MTL_ENABLE_DEBUG_INFO = NO;
				MTL_FAST_MATH = YES;
				SDKROOT = iphoneos;
				SWIFT_COMPILATION_MODE = wholemodule;
				SWIFT_OPTIMIZATION_LEVEL = "-O";
				VALIDATE_PRODUCT = YES;
			};
			name = Release;
		};
		9DDE58AE230DA073001DC06D /* Debug */ = {
			isa = XCBuildConfiguration;
			buildSettings = {
				ASSETCATALOG_COMPILER_APPICON_NAME = AppIcon;
				CODE_SIGN_STYLE = Automatic;
				DEVELOPMENT_TEAM = 8D5XPQFN4B;
				INFOPLIST_FILE = best_buy_lighting/Info.plist;
				LD_RUNPATH_SEARCH_PATHS = (
					"$(inherited)",
					"@executable_path/Frameworks",
				);
				PRODUCT_BUNDLE_IDENTIFIER = "com.peterirving.best-buy-lighting";
				PRODUCT_NAME = "$(TARGET_NAME)";
				SWIFT_VERSION = 5.0;
				TARGETED_DEVICE_FAMILY = "1,2";
			};
			name = Debug;
		};
		9DDE58AF230DA073001DC06D /* Release */ = {
			isa = XCBuildConfiguration;
			buildSettings = {
				ASSETCATALOG_COMPILER_APPICON_NAME = AppIcon;
				CODE_SIGN_STYLE = Automatic;
				DEVELOPMENT_TEAM = 8D5XPQFN4B;
				INFOPLIST_FILE = best_buy_lighting/Info.plist;
				LD_RUNPATH_SEARCH_PATHS = (
					"$(inherited)",
					"@executable_path/Frameworks",
				);
				PRODUCT_BUNDLE_IDENTIFIER = "com.peterirving.best-buy-lighting";
				PRODUCT_NAME = "$(TARGET_NAME)";
				SWIFT_VERSION = 5.0;
				TARGETED_DEVICE_FAMILY = "1,2";
			};
			name = Release;
		};
/* End XCBuildConfiguration section */

/* Begin XCConfigurationList section */
		9DDE5893230DA072001DC06D /* Build configuration list for PBXProject "best_buy_lighting" */ = {
			isa = XCConfigurationList;
			buildConfigurations = (
				9DDE58AB230DA073001DC06D /* Debug */,
				9DDE58AC230DA073001DC06D /* Release */,
			);
			defaultConfigurationIsVisible = 0;
			defaultConfigurationName = Release;
		};
		9DDE58AD230DA073001DC06D /* Build configuration list for PBXNativeTarget "best_buy_lighting" */ = {
			isa = XCConfigurationList;
			buildConfigurations = (
				9DDE58AE230DA073001DC06D /* Debug */,
				9DDE58AF230DA073001DC06D /* Release */,
			);
			defaultConfigurationIsVisible = 0;
			defaultConfigurationName = Release;
		};
/* End XCConfigurationList section */

/* Begin XCVersionGroup section */
		9DDE58A2230DA072001DC06D /* best_buy_lighting.xcdatamodeld */ = {
			isa = XCVersionGroup;
			children = (
				9DDE58A3230DA072001DC06D /* best_buy_lighting.xcdatamodel */,
			);
			currentVersion = 9DDE58A3230DA072001DC06D /* best_buy_lighting.xcdatamodel */;
			path = best_buy_lighting.xcdatamodeld;
			sourceTree = "<group>";
			versionGroupType = wrapper.xcdatamodel;
		};
/* End XCVersionGroup section */
	};
	rootObject = 9DDE5890230DA072001DC06D /* Project object */;
}
